
Microsoft Visual Studio Solution File, Format Version 10.00
# Visual Studio 2008
Project("{FAE04EC0-301F-11D3-BF4B-00C04F79EFBC}") = "MfgTool", "MfgTool.csproj", "{DE72DF78-2174-4A27-9065-A3A0BD057CAD}"
EndProject
Project("{FAE04EC0-301F-11D3-BF4B-00C04F79EFBC}") = "DevSupport", "..\..\Libs.Net\DevSupport2\DevSupport.csproj", "{27AE0A28-0685-46C7-85F8-552D1A422764}"
EndProject
Global
	GlobalSection(SolutionConfigurationPlatforms) = preSolution
		Debug|Any CPU = Debug|Any CPU
		Release|Any CPU = Release|Any CPU
	EndGlobalSection
	GlobalSection(ProjectConfigurationPlatforms) = postSolution
		{DE72DF78-2174-4A27-9065-A3A0BD057CAD}.Debug|Any CPU.ActiveCfg = Debug|Any CPU
		{DE72DF78-2174-4A27-9065-A3A0BD057CAD}.Debug|Any CPU.Build.0 = Debug|Any CPU
		{DE72DF78-2174-4A27-9065-A3A0BD057CAD}.Release|Any CPU.ActiveCfg = Release|Any CPU
		{DE72DF78-2174-4A27-9065-A3A0BD057CAD}.Release|Any CPU.Build.0 = Release|Any CPU
		{27AE0A28-0685-46C7-85F8-552D1A422764}.Debug|Any CPU.ActiveCfg = Debug|Any CPU
		{27AE0A28-0685-46C7-85F8-552D1A422764}.Debug|Any CPU.Build.0 = Debug|Any CPU
		{27AE0A28-0685-46C7-85F8-552D1A422764}.Release|Any CPU.ActiveCfg = Release|Any CPU
		{27AE0A28-0685-46C7-85F8-552D1A422764}.Release|Any CPU.Build.0 = Release|Any CPU
	EndGlobalSection
	GlobalSection(SolutionProperties) = preSolution
		HideSolutionNode = FALSE
	EndGlobalSection
EndGlobal
