<?xml version="1.0" encoding="utf-8"?>
<Project ToolsVersion="4.0" xmlns="http://schemas.microsoft.com/developer/msbuild/2003">
  <ItemGroup>
    <Filter Include="Header Files">
      <UniqueIdentifier>{7cbee8c9-6280-409f-bc16-4236dd05a61c}</UniqueIdentifier>
      <Extensions>h;hpp;hxx;hm;inl</Extensions>
    </Filter>
    <Filter Include="Source Files">
      <UniqueIdentifier>{71db5809-e0f5-436e-b8f6-29e7db22c063}</UniqueIdentifier>
      <Extensions>cpp;c;cxx;rc;def;r;odl;idl;hpj;bat</Extensions>
    </Filter>
  </ItemGroup>
  <ItemGroup>
    <ClCompile Include="ADSTkConfigure.cpp">
      <Filter>Source Files</Filter>
    </ClCompile>
    <ClCompile Include="AtkHostApiClass.cpp">
      <Filter>Source Files</Filter>
    </ClCompile>
    <ClCompile Include="ComPort\ComPortInit.cpp">
      <Filter>Source Files</Filter>
    </ClCompile>
    <ClCompile Include="db_usb_diag.cpp">
      <Filter>Source Files</Filter>
    </ClCompile>
    <ClCompile Include="status_strings.c">
      <Filter>Source Files</Filter>
    </ClCompile>
    <ClCompile Include="StdAfx.cpp">
      <Filter>Source Files</Filter>
    </ClCompile>
    <ClCompile Include="usb_diag_lib.c">
      <Filter>Source Files</Filter>
    </ClCompile>
    <ClCompile Include="utils.c">
      <Filter>Source Files</Filter>
    </ClCompile>
    <ClCompile Include="wdu_lib.c">
      <Filter>Source Files</Filter>
    </ClCompile>
    <ClCompile Include="windrvr_events.c">
      <Filter>Source Files</Filter>
    </ClCompile>
    <ClCompile Include="windrvr_int_thread.c">
      <Filter>Source Files</Filter>
    </ClCompile>
  </ItemGroup>
  <ItemGroup>
    <ClInclude Include="ADSTkConfigure.h">
      <Filter>Header Files</Filter>
    </ClInclude>
    <ClInclude Include="usb_diag_lib.h">
      <Filter>Header Files</Filter>
    </ClInclude>
  </ItemGroup>
</Project>