<?xml version="1.0" encoding="utf-8"?>
<Project ToolsVersion="4.0" xmlns="http://schemas.microsoft.com/developer/msbuild/2003">
  <ItemGroup>
    <Filter Include="Header Files">
      <UniqueIdentifier>{93995380-89BD-4b04-88EB-625FBE52EBFB}</UniqueIdentifier>
      <Extensions>h;hpp;hxx;hm;inl;inc;xsd</Extensions>
    </Filter>
    <Filter Include="Source Files">
      <UniqueIdentifier>{4FC737F1-C7A5-4376-A066-2A32D752A2FF}</UniqueIdentifier>
      <Extensions>cpp;c;cxx;def;odl;idl;hpj;bat;asm;asmx</Extensions>
    </Filter>
  </ItemGroup>
  <ItemGroup>
    <ClCompile Include="AutoPlayReject.cpp">
      <Filter>Source Files</Filter>
    </ClCompile>
    <ClCompile Include="ColorListbox.cpp">
      <Filter>Source Files</Filter>
    </ClCompile>
    <ClCompile Include="ColorStaticST.cpp">
      <Filter>Source Files</Filter>
    </ClCompile>
    <ClCompile Include="ColumnTreeCtrl.cpp">
      <Filter>Source Files</Filter>
    </ClCompile>
    <ClCompile Include="ColumnTreeWnd.cpp">
      <Filter>Source Files</Filter>
    </ClCompile>
    <ClCompile Include="DropEdit.cpp">
      <Filter>Source Files</Filter>
    </ClCompile>
    <ClCompile Include="DynamicLED.cpp">
      <Filter>Source Files</Filter>
    </ClCompile>
    <ClCompile Include="HotPropCtrl.cpp">
      <Filter>Source Files</Filter>
    </ClCompile>
    <ClCompile Include="HPDynEdit.cpp">
      <Filter>Source Files</Filter>
    </ClCompile>
    <ClCompile Include="HPPopList.cpp">
      <Filter>Source Files</Filter>
    </ClCompile>
    <ClCompile Include="HyperLink.cpp">
      <Filter>Source Files</Filter>
    </ClCompile>
    <ClCompile Include="MRUCombo.cpp">
      <Filter>Source Files</Filter>
    </ClCompile>
    <ClCompile Include="StSplashWnd.cpp">
      <Filter>Source Files</Filter>
    </ClCompile>
    <ClCompile Include="ToolTip.cpp">
      <Filter>Source Files</Filter>
    </ClCompile>
    <ClCompile Include="VersionInfo.cpp">
      <Filter>Source Files</Filter>
    </ClCompile>
    <ClCompile Include="VisValEdit.cpp">
      <Filter>Source Files</Filter>
    </ClCompile>
    <ClCompile Include="XMLite.cpp">
      <Filter>Source Files</Filter>
    </ClCompile>
  </ItemGroup>
  <ItemGroup>
    <ClInclude Include="AutoPlayReject.h">
      <Filter>Header Files</Filter>
    </ClInclude>
    <ClInclude Include="ColorListbox.h">
      <Filter>Header Files</Filter>
    </ClInclude>
    <ClInclude Include="ColorStaticST.h">
      <Filter>Header Files</Filter>
    </ClInclude>
    <ClInclude Include="ColumnTreeCtrl.h">
      <Filter>Header Files</Filter>
    </ClInclude>
    <ClInclude Include="ColumnTreeWnd.h">
      <Filter>Header Files</Filter>
    </ClInclude>
    <ClInclude Include="DropEdit.h">
      <Filter>Header Files</Filter>
    </ClInclude>
    <ClInclude Include="DynamicLED.h">
      <Filter>Header Files</Filter>
    </ClInclude>
    <ClInclude Include="HotPropCtrl.h">
      <Filter>Header Files</Filter>
    </ClInclude>
    <ClInclude Include="HPDynEdit.h">
      <Filter>Header Files</Filter>
    </ClInclude>
    <ClInclude Include="HPPopList.h">
      <Filter>Header Files</Filter>
    </ClInclude>
    <ClInclude Include="HyperLink.h">
      <Filter>Header Files</Filter>
    </ClInclude>
    <ClInclude Include="stdafx.h">
      <Filter>Header Files</Filter>
    </ClInclude>
    <ClInclude Include="StSplashWnd.h">
      <Filter>Header Files</Filter>
    </ClInclude>
    <ClInclude Include="ToolTip.h">
      <Filter>Header Files</Filter>
    </ClInclude>
    <ClInclude Include="VersionInfo.h">
      <Filter>Header Files</Filter>
    </ClInclude>
    <ClInclude Include="VisValEdit.h">
      <Filter>Header Files</Filter>
    </ClInclude>
    <ClInclude Include="XMLite.h">
      <Filter>Header Files</Filter>
    </ClInclude>
  </ItemGroup>
</Project>