
Microsoft Visual Studio Solution File, Format Version 10.00
# Visual Studio 2008
Project("{FAE04EC0-301F-11D3-BF4B-00C04F79EFBC}") = "UniversalUpdater", "UniversalUpdater.csproj", "{DD3D8C75-8E71-41D3-9410-F4DBEC49FAAF}"
EndProject
Project("{FAE04EC0-301F-11D3-BF4B-00C04F79EFBC}") = "DevSupport", "..\..\Libs.Net\DevSupport\DevSupport.csproj", "{02EBCAA5-8233-4B75-86E7-5B61787530FF}"
EndProject
Global
	GlobalSection(SolutionConfigurationPlatforms) = preSolution
		Debug|Any CPU = Debug|Any CPU
		Debug|x86 = Debug|x86
		Release|Any CPU = Release|Any CPU
		Release|x86 = Release|x86
	EndGlobalSection
	GlobalSection(ProjectConfigurationPlatforms) = postSolution
		{DD3D8C75-8E71-41D3-9410-F4DBEC49FAAF}.Debug|Any CPU.ActiveCfg = Debug|Any CPU
		{DD3D8C75-8E71-41D3-9410-F4DBEC49FAAF}.Debug|Any CPU.Build.0 = Debug|Any CPU
		{DD3D8C75-8E71-41D3-9410-F4DBEC49FAAF}.Debug|x86.ActiveCfg = Debug|Any CPU
		{DD3D8C75-8E71-41D3-9410-F4DBEC49FAAF}.Release|Any CPU.ActiveCfg = Release|Any CPU
		{DD3D8C75-8E71-41D3-9410-F4DBEC49FAAF}.Release|Any CPU.Build.0 = Release|Any CPU
		{DD3D8C75-8E71-41D3-9410-F4DBEC49FAAF}.Release|x86.ActiveCfg = Release|Any CPU
		{02EBCAA5-8233-4B75-86E7-5B61787530FF}.Debug|Any CPU.ActiveCfg = Debug|Any CPU
		{02EBCAA5-8233-4B75-86E7-5B61787530FF}.Debug|Any CPU.Build.0 = Debug|Any CPU
		{02EBCAA5-8233-4B75-86E7-5B61787530FF}.Debug|x86.ActiveCfg = Debug|x86
		{02EBCAA5-8233-4B75-86E7-5B61787530FF}.Debug|x86.Build.0 = Debug|x86
		{02EBCAA5-8233-4B75-86E7-5B61787530FF}.Release|Any CPU.ActiveCfg = Release|Any CPU
		{02EBCAA5-8233-4B75-86E7-5B61787530FF}.Release|Any CPU.Build.0 = Release|Any CPU
		{02EBCAA5-8233-4B75-86E7-5B61787530FF}.Release|x86.ActiveCfg = Release|x86
		{02EBCAA5-8233-4B75-86E7-5B61787530FF}.Release|x86.Build.0 = Release|x86
	EndGlobalSection
	GlobalSection(SolutionProperties) = preSolution
		HideSolutionNode = FALSE
	EndGlobalSection
EndGlobal
