Microsoft Visual Studio Solution File, Format Version 9.00
# Visual Studio 2005
Project("{8BC9CEB8-8B4A-11D0-8D11-00A0C91BC942}") = "MscDevLib", "..\..\Libs\mscdevlib\mscdevlib_vs2005.vcproj", "{2EBFE417-A0C7-4D18-8C77-AC36AEEF7390}"
	ProjectSection(WebsiteProperties) = preProject
		Debug.AspNetCompiler.Debug = "True"
		Release.AspNetCompiler.Debug = "False"
	EndProjectSection
EndProject
Project("{8BC9CEB8-8B4A-11D0-8D11-00A0C91BC942}") = "StUpdaterApp", "stupdaterapp_vs2005.vcproj", "{B0789F63-5C55-46AA-A53F-D9C815F16066}"
	ProjectSection(WebsiteProperties) = preProject
		Debug.AspNetCompiler.Debug = "True"
		Release.AspNetCompiler.Debug = "False"
	EndProjectSection
	ProjectSection(ProjectDependencies) = postProject
		{2EBFE417-A0C7-4D18-8C77-AC36AEEF7390} = {2EBFE417-A0C7-4D18-8C77-AC36AEEF7390}
	EndProjectSection
EndProject
Global
	GlobalSection(SolutionConfigurationPlatforms) = preSolution
		Debug|Win32 = Debug|Win32
		Release|Win32 = Release|Win32
	EndGlobalSection
	GlobalSection(ProjectConfigurationPlatforms) = postSolution
		{2EBFE417-A0C7-4D18-8C77-AC36AEEF7390}.Debug|Win32.ActiveCfg = Debug|Win32
		{2EBFE417-A0C7-4D18-8C77-AC36AEEF7390}.Debug|Win32.Build.0 = Debug|Win32
		{2EBFE417-A0C7-4D18-8C77-AC36AEEF7390}.Release|Win32.ActiveCfg = Release|Win32
		{2EBFE417-A0C7-4D18-8C77-AC36AEEF7390}.Release|Win32.Build.0 = Release|Win32
		{B0789F63-5C55-46AA-A53F-D9C815F16066}.Debug|Win32.ActiveCfg = Debug|Win32
		{B0789F63-5C55-46AA-A53F-D9C815F16066}.Debug|Win32.Build.0 = Debug|Win32
		{B0789F63-5C55-46AA-A53F-D9C815F16066}.Release|Win32.ActiveCfg = Release|Win32
		{B0789F63-5C55-46AA-A53F-D9C815F16066}.Release|Win32.Build.0 = Release|Win32
	EndGlobalSection
	GlobalSection(SolutionProperties) = preSolution
		HideSolutionNode = FALSE
	EndGlobalSection
