
Microsoft Visual Studio Solution File, Format Version 10.00
# Visual Studio 2008
Project("{FAE04EC0-301F-11D3-BF4B-00C04F79EFBC}") = "LiveUpdaterExample", "LiveUpdaterExample.csproj", "{A3ACF10A-D83B-4131-B207-28CF5161F5BE}"
EndProject
Project("{FAE04EC0-301F-11D3-BF4B-00C04F79EFBC}") = "DevSupport", "..\..\Libs.Net\DevSupport\DevSupport.csproj", "{02EBCAA5-8233-4B75-86E7-5B61787530FF}"
EndProject
Global
	GlobalSection(SolutionConfigurationPlatforms) = preSolution
		Debug|Any CPU = Debug|Any CPU
		Release|Any CPU = Release|Any CPU
	EndGlobalSection
	GlobalSection(ProjectConfigurationPlatforms) = postSolution
		{A3ACF10A-D83B-4131-B207-28CF5161F5BE}.Debug|Any CPU.ActiveCfg = Debug|Any CPU
		{A3ACF10A-D83B-4131-B207-28CF5161F5BE}.Debug|Any CPU.Build.0 = Debug|Any CPU
		{A3ACF10A-D83B-4131-B207-28CF5161F5BE}.Release|Any CPU.ActiveCfg = Release|Any CPU
		{A3ACF10A-D83B-4131-B207-28CF5161F5BE}.Release|Any CPU.Build.0 = Release|Any CPU
		{02EBCAA5-8233-4B75-86E7-5B61787530FF}.Debug|Any CPU.ActiveCfg = Debug|Any CPU
		{02EBCAA5-8233-4B75-86E7-5B61787530FF}.Debug|Any CPU.Build.0 = Debug|Any CPU
		{02EBCAA5-8233-4B75-86E7-5B61787530FF}.Release|Any CPU.ActiveCfg = Release|Any CPU
		{02EBCAA5-8233-4B75-86E7-5B61787530FF}.Release|Any CPU.Build.0 = Release|Any CPU
	EndGlobalSection
	GlobalSection(SolutionProperties) = preSolution
		HideSolutionNode = FALSE
	EndGlobalSection
EndGlobal
