<?xml version="1.0" encoding="utf-8"?>
<Project ToolsVersion="4.0" xmlns="http://schemas.microsoft.com/developer/msbuild/2003">
  <ItemGroup>
    <Filter Include="Header Files">
      <UniqueIdentifier>{56b8d729-e8e8-4b90-be62-ef7a1d4e77c2}</UniqueIdentifier>
    </Filter>
    <Filter Include="Source Files">
      <UniqueIdentifier>{9880b066-0013-4325-97c5-de85ce13b31f}</UniqueIdentifier>
    </Filter>
  </ItemGroup>
  <ItemGroup>
    <ClInclude Include="..\libuuu\liberror.h">
      <Filter>Header Files</Filter>
    </ClInclude>
    <ClInclude Include="..\libuuu\libuuu.h">
      <Filter>Header Files</Filter>
    </ClInclude>
    <ClInclude Include="..\libuuu\libcomm.h">
      <Filter>Header Files</Filter>
    </ClInclude>
    <ClInclude Include="..\libuuu\cmd.h">
      <Filter>Header Files</Filter>
    </ClInclude>
    <ClInclude Include="..\libuuu\buffer.h">
      <Filter>Header Files</Filter>
    </ClInclude>
    <ClInclude Include="..\libuuu\config.h">
      <Filter>Header Files</Filter>
    </ClInclude>
    <ClInclude Include="..\libuuu\sdps.h">
      <Filter>Header Files</Filter>
    </ClInclude>
    <ClInclude Include="..\libuuu\hidreport.h">
      <Filter>Header Files</Filter>
    </ClInclude>
    <ClInclude Include="..\libuuu\trans.h">
      <Filter>Header Files</Filter>
    </ClInclude>
    <ClInclude Include="..\libuuu\sdp.h">
      <Filter>Header Files</Filter>
    </ClInclude>
    <ClInclude Include="..\libuuu\fastboot.h">
      <Filter>Header Files</Filter>
    </ClInclude>
    <ClInclude Include="..\libuuu\zip.h">
      <Filter>Header Files</Filter>
    </ClInclude>
    <ClInclude Include="..\libuuu\sparse.h">
      <Filter>Header Files</Filter>
    </ClInclude>
    <ClInclude Include="..\libuuu\sparse_format.h">
      <Filter>Header Files</Filter>
    </ClInclude>
    <ClInclude Include="..\libuuu\rominfo.h">
      <Filter>Header Files</Filter>
    </ClInclude>
    <ClInclude Include="..\libuuu\tar.h">
      <Filter>Header Files</Filter>
    </ClInclude>
    <ClInclude Include="..\libuuu\http.h">
      <Filter>Header Files</Filter>
    </ClInclude>
  </ItemGroup>
  <ItemGroup>
    <ClCompile Include="..\libuuu\error.cpp">
      <Filter>Source Files</Filter>
    </ClCompile>
    <ClCompile Include="..\libuuu\notify.cpp">
      <Filter>Source Files</Filter>
    </ClCompile>
    <ClCompile Include="..\libuuu\version.cpp">
      <Filter>Source Files</Filter>
    </ClCompile>
    <ClCompile Include="..\libuuu\cmd.cpp">
      <Filter>Source Files</Filter>
    </ClCompile>
    <ClCompile Include="..\libuuu\buffer.cpp">
      <Filter>Source Files</Filter>
    </ClCompile>
    <ClCompile Include="..\libuuu\config.cpp">
      <Filter>Source Files</Filter>
    </ClCompile>
    <ClCompile Include="..\libuuu\sdps.cpp">
      <Filter>Source Files</Filter>
    </ClCompile>
    <ClCompile Include="..\libuuu\trans.cpp">
      <Filter>Source Files</Filter>
    </ClCompile>
    <ClCompile Include="..\libuuu\usbhotplug.cpp">
      <Filter>Source Files</Filter>
    </ClCompile>
    <ClCompile Include="..\libuuu\sdp.cpp">
      <Filter>Source Files</Filter>
    </ClCompile>
    <ClCompile Include="..\libuuu\fastboot.cpp">
      <Filter>Source Files</Filter>
    </ClCompile>
    <ClCompile Include="..\libuuu\zip.cpp">
      <Filter>Source Files</Filter>
    </ClCompile>
    <ClCompile Include="..\libuuu\fat.cpp">
      <Filter>Source Files</Filter>
    </ClCompile>
    <ClCompile Include="..\libuuu\rominfo.cpp">
      <Filter>Source Files</Filter>
    </ClCompile>
    <ClCompile Include="..\libuuu\tar.cpp">
      <Filter>Source Files</Filter>
    </ClCompile>
    <ClCompile Include="..\libuuu\http.cpp">
      <Filter>Source Files</Filter>
    </ClCompile>
  </ItemGroup>
</Project>