
Microsoft Visual Studio Solution File, Format Version 12.00
# Visual Studio 15
VisualStudioVersion = 15.0.27130.2027
MinimumVisualStudioVersion = 10.0.40219.1
Project("{8BC9CEB8-8B4A-11D0-8D11-00A0C91BC942}") = "libuuu", "libuuu.vcxproj", "{048A9BD1-EEF8-4119-9DEF-219D7E177AAC}"
EndProject
Project("{8BC9CEB8-8B4A-11D0-8D11-00A0C91BC942}") = "zlib", "zlib.vcxproj", "{59666402-A775-49AC-A9BD-19FD528F5FD9}"
EndProject
Project("{8BC9CEB8-8B4A-11D0-8D11-00A0C91BC942}") = "bzip2", "bzip2.vcxproj", "{B54C35CD-5FFE-4FEA-90BA-32894BCFC6BF}"
EndProject
Project("{8BC9CEB8-8B4A-11D0-8D11-00A0C91BC942}") = "uuu-static-link", "uuu-static-link.vcxproj", "{2950F8EE-7895-4431-858A-C21EE105C242}"
	ProjectSection(ProjectDependencies) = postProject
		{048A9BD1-EEF8-4119-9DEF-219D7E177AAC} = {048A9BD1-EEF8-4119-9DEF-219D7E177AAC}
		{1E79162B-C055-462B-9F6B-3B03507D3703} = {1E79162B-C055-462B-9F6B-3B03507D3703}
		{349EE8F9-7D25-4909-AAF5-FF3FADE72187} = {349EE8F9-7D25-4909-AAF5-FF3FADE72187}
		{59666402-A775-49AC-A9BD-19FD528F5FD9} = {59666402-A775-49AC-A9BD-19FD528F5FD9}
		{8BFD8150-94D5-4BF9-8A50-7BD9929A0850} = {8BFD8150-94D5-4BF9-8A50-7BD9929A0850}
		{B54C35CD-5FFE-4FEA-90BA-32894BCFC6BF} = {B54C35CD-5FFE-4FEA-90BA-32894BCFC6BF}
	EndProjectSection
EndProject
Project("{8BC9CEB8-8B4A-11D0-8D11-00A0C91BC942}") = "libzstd", "..\zstd\build\VS2010\libzstd\libzstd.vcxproj", "{8BFD8150-94D5-4BF9-8A50-7BD9929A0850}"
EndProject
Project("{8BC9CEB8-8B4A-11D0-8D11-00A0C91BC942}") = "libusb_static", "..\libusb\msvc\libusb_static.vcxproj", "{349EE8F9-7D25-4909-AAF5-FF3FADE72187}"
EndProject
Project("{8BC9CEB8-8B4A-11D0-8D11-00A0C91BC942}") = "tinyxml2", "tinyxml2.vcxproj", "{1E79162B-C055-462B-9F6B-3B03507D3703}"
EndProject
Global
	GlobalSection(SolutionConfigurationPlatforms) = preSolution
		Debug|ARM = Debug|ARM
		Debug|ARM64 = Debug|ARM64
		Debug|x64 = Debug|x64
		Debug|x86 = Debug|x86
		Release|ARM = Release|ARM
		Release|ARM64 = Release|ARM64
		Release|x64 = Release|x64
		Release|x86 = Release|x86
	EndGlobalSection
	GlobalSection(ProjectConfigurationPlatforms) = postSolution
		{048A9BD1-EEF8-4119-9DEF-219D7E177AAC}.Debug|ARM.ActiveCfg = Debug|x64
		{048A9BD1-EEF8-4119-9DEF-219D7E177AAC}.Debug|ARM.Build.0 = Debug|x64
		{048A9BD1-EEF8-4119-9DEF-219D7E177AAC}.Debug|ARM64.ActiveCfg = Debug|x64
		{048A9BD1-EEF8-4119-9DEF-219D7E177AAC}.Debug|ARM64.Build.0 = Debug|x64
		{048A9BD1-EEF8-4119-9DEF-219D7E177AAC}.Debug|x64.ActiveCfg = Debug|x64
		{048A9BD1-EEF8-4119-9DEF-219D7E177AAC}.Debug|x64.Build.0 = Debug|x64
		{048A9BD1-EEF8-4119-9DEF-219D7E177AAC}.Debug|x86.ActiveCfg = Debug|Win32
		{048A9BD1-EEF8-4119-9DEF-219D7E177AAC}.Debug|x86.Build.0 = Debug|Win32
		{048A9BD1-EEF8-4119-9DEF-219D7E177AAC}.Release|ARM.ActiveCfg = Release|x64
		{048A9BD1-EEF8-4119-9DEF-219D7E177AAC}.Release|ARM.Build.0 = Release|x64
		{048A9BD1-EEF8-4119-9DEF-219D7E177AAC}.Release|ARM64.ActiveCfg = Release|x64
		{048A9BD1-EEF8-4119-9DEF-219D7E177AAC}.Release|ARM64.Build.0 = Release|x64
		{048A9BD1-EEF8-4119-9DEF-219D7E177AAC}.Release|x64.ActiveCfg = Release|x64
		{048A9BD1-EEF8-4119-9DEF-219D7E177AAC}.Release|x64.Build.0 = Release|x64
		{048A9BD1-EEF8-4119-9DEF-219D7E177AAC}.Release|x86.ActiveCfg = Release|Win32
		{048A9BD1-EEF8-4119-9DEF-219D7E177AAC}.Release|x86.Build.0 = Release|Win32
		{59666402-A775-49AC-A9BD-19FD528F5FD9}.Debug|ARM.ActiveCfg = Debug|x64
		{59666402-A775-49AC-A9BD-19FD528F5FD9}.Debug|ARM.Build.0 = Debug|x64
		{59666402-A775-49AC-A9BD-19FD528F5FD9}.Debug|ARM64.ActiveCfg = Debug|x64
		{59666402-A775-49AC-A9BD-19FD528F5FD9}.Debug|ARM64.Build.0 = Debug|x64
		{59666402-A775-49AC-A9BD-19FD528F5FD9}.Debug|x64.ActiveCfg = Debug|x64
		{59666402-A775-49AC-A9BD-19FD528F5FD9}.Debug|x64.Build.0 = Debug|x64
		{59666402-A775-49AC-A9BD-19FD528F5FD9}.Debug|x86.ActiveCfg = Debug|Win32
		{59666402-A775-49AC-A9BD-19FD528F5FD9}.Debug|x86.Build.0 = Debug|Win32
		{59666402-A775-49AC-A9BD-19FD528F5FD9}.Release|ARM.ActiveCfg = Release|x64
		{59666402-A775-49AC-A9BD-19FD528F5FD9}.Release|ARM.Build.0 = Release|x64
		{59666402-A775-49AC-A9BD-19FD528F5FD9}.Release|ARM64.ActiveCfg = Release|x64
		{59666402-A775-49AC-A9BD-19FD528F5FD9}.Release|ARM64.Build.0 = Release|x64
		{59666402-A775-49AC-A9BD-19FD528F5FD9}.Release|x64.ActiveCfg = Release|x64
		{59666402-A775-49AC-A9BD-19FD528F5FD9}.Release|x64.Build.0 = Release|x64
		{59666402-A775-49AC-A9BD-19FD528F5FD9}.Release|x86.ActiveCfg = Release|Win32
		{59666402-A775-49AC-A9BD-19FD528F5FD9}.Release|x86.Build.0 = Release|Win32
		{B54C35CD-5FFE-4FEA-90BA-32894BCFC6BF}.Debug|ARM.ActiveCfg = Debug|x64
		{B54C35CD-5FFE-4FEA-90BA-32894BCFC6BF}.Debug|ARM.Build.0 = Debug|x64
		{B54C35CD-5FFE-4FEA-90BA-32894BCFC6BF}.Debug|ARM64.ActiveCfg = Debug|x64
		{B54C35CD-5FFE-4FEA-90BA-32894BCFC6BF}.Debug|ARM64.Build.0 = Debug|x64
		{B54C35CD-5FFE-4FEA-90BA-32894BCFC6BF}.Debug|x64.ActiveCfg = Debug|x64
		{B54C35CD-5FFE-4FEA-90BA-32894BCFC6BF}.Debug|x64.Build.0 = Debug|x64
		{B54C35CD-5FFE-4FEA-90BA-32894BCFC6BF}.Debug|x86.ActiveCfg = Debug|Win32
		{B54C35CD-5FFE-4FEA-90BA-32894BCFC6BF}.Debug|x86.Build.0 = Debug|Win32
		{B54C35CD-5FFE-4FEA-90BA-32894BCFC6BF}.Release|ARM.ActiveCfg = Release|x64
		{B54C35CD-5FFE-4FEA-90BA-32894BCFC6BF}.Release|ARM.Build.0 = Release|x64
		{B54C35CD-5FFE-4FEA-90BA-32894BCFC6BF}.Release|ARM64.ActiveCfg = Release|x64
		{B54C35CD-5FFE-4FEA-90BA-32894BCFC6BF}.Release|ARM64.Build.0 = Release|x64
		{B54C35CD-5FFE-4FEA-90BA-32894BCFC6BF}.Release|x64.ActiveCfg = Release|x64
		{B54C35CD-5FFE-4FEA-90BA-32894BCFC6BF}.Release|x64.Build.0 = Release|x64
		{B54C35CD-5FFE-4FEA-90BA-32894BCFC6BF}.Release|x86.ActiveCfg = Release|Win32
		{B54C35CD-5FFE-4FEA-90BA-32894BCFC6BF}.Release|x86.Build.0 = Release|Win32
		{2950F8EE-7895-4431-858A-C21EE105C242}.Debug|ARM.ActiveCfg = Debug|x64
		{2950F8EE-7895-4431-858A-C21EE105C242}.Debug|ARM.Build.0 = Debug|x64
		{2950F8EE-7895-4431-858A-C21EE105C242}.Debug|ARM64.ActiveCfg = Debug|x64
		{2950F8EE-7895-4431-858A-C21EE105C242}.Debug|ARM64.Build.0 = Debug|x64
		{2950F8EE-7895-4431-858A-C21EE105C242}.Debug|x64.ActiveCfg = Debug|x64
		{2950F8EE-7895-4431-858A-C21EE105C242}.Debug|x64.Build.0 = Debug|x64
		{2950F8EE-7895-4431-858A-C21EE105C242}.Debug|x86.ActiveCfg = Debug|Win32
		{2950F8EE-7895-4431-858A-C21EE105C242}.Debug|x86.Build.0 = Debug|Win32
		{2950F8EE-7895-4431-858A-C21EE105C242}.Release|ARM.ActiveCfg = Release|x64
		{2950F8EE-7895-4431-858A-C21EE105C242}.Release|ARM.Build.0 = Release|x64
		{2950F8EE-7895-4431-858A-C21EE105C242}.Release|ARM64.ActiveCfg = Release|x64
		{2950F8EE-7895-4431-858A-C21EE105C242}.Release|ARM64.Build.0 = Release|x64
		{2950F8EE-7895-4431-858A-C21EE105C242}.Release|x64.ActiveCfg = Release|x64
		{2950F8EE-7895-4431-858A-C21EE105C242}.Release|x64.Build.0 = Release|x64
		{2950F8EE-7895-4431-858A-C21EE105C242}.Release|x86.ActiveCfg = Release|Win32
		{2950F8EE-7895-4431-858A-C21EE105C242}.Release|x86.Build.0 = Release|Win32
		{8BFD8150-94D5-4BF9-8A50-7BD9929A0850}.Debug|ARM.ActiveCfg = Debug|x64
		{8BFD8150-94D5-4BF9-8A50-7BD9929A0850}.Debug|ARM.Build.0 = Debug|x64
		{8BFD8150-94D5-4BF9-8A50-7BD9929A0850}.Debug|ARM64.ActiveCfg = Debug|x64
		{8BFD8150-94D5-4BF9-8A50-7BD9929A0850}.Debug|ARM64.Build.0 = Debug|x64
		{8BFD8150-94D5-4BF9-8A50-7BD9929A0850}.Debug|x64.ActiveCfg = Debug|x64
		{8BFD8150-94D5-4BF9-8A50-7BD9929A0850}.Debug|x64.Build.0 = Debug|x64
		{8BFD8150-94D5-4BF9-8A50-7BD9929A0850}.Debug|x86.ActiveCfg = Debug|Win32
		{8BFD8150-94D5-4BF9-8A50-7BD9929A0850}.Debug|x86.Build.0 = Debug|Win32
		{8BFD8150-94D5-4BF9-8A50-7BD9929A0850}.Release|ARM.ActiveCfg = Release|x64
		{8BFD8150-94D5-4BF9-8A50-7BD9929A0850}.Release|ARM.Build.0 = Release|x64
		{8BFD8150-94D5-4BF9-8A50-7BD9929A0850}.Release|ARM64.ActiveCfg = Release|x64
		{8BFD8150-94D5-4BF9-8A50-7BD9929A0850}.Release|ARM64.Build.0 = Release|x64
		{8BFD8150-94D5-4BF9-8A50-7BD9929A0850}.Release|x64.ActiveCfg = Release|x64
		{8BFD8150-94D5-4BF9-8A50-7BD9929A0850}.Release|x64.Build.0 = Release|x64
		{8BFD8150-94D5-4BF9-8A50-7BD9929A0850}.Release|x86.ActiveCfg = Release|Win32
		{8BFD8150-94D5-4BF9-8A50-7BD9929A0850}.Release|x86.Build.0 = Release|Win32
		{349EE8F9-7D25-4909-AAF5-FF3FADE72187}.Debug|ARM.ActiveCfg = Debug|ARM
		{349EE8F9-7D25-4909-AAF5-FF3FADE72187}.Debug|ARM.Build.0 = Debug|ARM
		{349EE8F9-7D25-4909-AAF5-FF3FADE72187}.Debug|ARM64.ActiveCfg = Debug|ARM64
		{349EE8F9-7D25-4909-AAF5-FF3FADE72187}.Debug|ARM64.Build.0 = Debug|ARM64
		{349EE8F9-7D25-4909-AAF5-FF3FADE72187}.Debug|x64.ActiveCfg = Debug|x64
		{349EE8F9-7D25-4909-AAF5-FF3FADE72187}.Debug|x64.Build.0 = Debug|x64
		{349EE8F9-7D25-4909-AAF5-FF3FADE72187}.Debug|x86.ActiveCfg = Debug|Win32
		{349EE8F9-7D25-4909-AAF5-FF3FADE72187}.Debug|x86.Build.0 = Debug|Win32
		{349EE8F9-7D25-4909-AAF5-FF3FADE72187}.Release|ARM.ActiveCfg = Release|ARM
		{349EE8F9-7D25-4909-AAF5-FF3FADE72187}.Release|ARM.Build.0 = Release|ARM
		{349EE8F9-7D25-4909-AAF5-FF3FADE72187}.Release|ARM64.ActiveCfg = Release|ARM64
		{349EE8F9-7D25-4909-AAF5-FF3FADE72187}.Release|ARM64.Build.0 = Release|ARM64
		{349EE8F9-7D25-4909-AAF5-FF3FADE72187}.Release|x64.ActiveCfg = Release|x64
		{349EE8F9-7D25-4909-AAF5-FF3FADE72187}.Release|x64.Build.0 = Release|x64
		{349EE8F9-7D25-4909-AAF5-FF3FADE72187}.Release|x86.ActiveCfg = Release|Win32
		{349EE8F9-7D25-4909-AAF5-FF3FADE72187}.Release|x86.Build.0 = Release|Win32
		{1E79162B-C055-462B-9F6B-3B03507D3703}.Debug|ARM.ActiveCfg = Debug|x64
		{1E79162B-C055-462B-9F6B-3B03507D3703}.Debug|ARM.Build.0 = Debug|x64
		{1E79162B-C055-462B-9F6B-3B03507D3703}.Debug|ARM64.ActiveCfg = Debug|x64
		{1E79162B-C055-462B-9F6B-3B03507D3703}.Debug|ARM64.Build.0 = Debug|x64
		{1E79162B-C055-462B-9F6B-3B03507D3703}.Debug|x64.ActiveCfg = Debug|x64
		{1E79162B-C055-462B-9F6B-3B03507D3703}.Debug|x64.Build.0 = Debug|x64
		{1E79162B-C055-462B-9F6B-3B03507D3703}.Debug|x86.ActiveCfg = Debug|Win32
		{1E79162B-C055-462B-9F6B-3B03507D3703}.Debug|x86.Build.0 = Debug|Win32
		{1E79162B-C055-462B-9F6B-3B03507D3703}.Release|ARM.ActiveCfg = Release|x64
		{1E79162B-C055-462B-9F6B-3B03507D3703}.Release|ARM.Build.0 = Release|x64
		{1E79162B-C055-462B-9F6B-3B03507D3703}.Release|ARM64.ActiveCfg = Release|x64
		{1E79162B-C055-462B-9F6B-3B03507D3703}.Release|ARM64.Build.0 = Release|x64
		{1E79162B-C055-462B-9F6B-3B03507D3703}.Release|x64.ActiveCfg = Release|x64
		{1E79162B-C055-462B-9F6B-3B03507D3703}.Release|x64.Build.0 = Release|x64
		{1E79162B-C055-462B-9F6B-3B03507D3703}.Release|x86.ActiveCfg = Release|Win32
		{1E79162B-C055-462B-9F6B-3B03507D3703}.Release|x86.Build.0 = Release|Win32
	EndGlobalSection
	GlobalSection(SolutionProperties) = preSolution
		HideSolutionNode = FALSE
	EndGlobalSection
	GlobalSection(ExtensibilityGlobals) = postSolution
		SolutionGuid = {93EA02D1-E396-4390-B160-58909BBB9556}
	EndGlobalSection
EndGlobal
