
Microsoft Visual Studio Solution File, Format Version 12.00
# Visual Studio 15
VisualStudioVersion = 15.0.27130.2027
MinimumVisualStudioVersion = 10.0.40219.1
Project("{8BC9CEB8-8B4A-11D0-8D11-00A0C91BC942}") = "uuu", "uuu.vcxproj", "{2950F8EE-7895-4431-858A-C21EE105C242}"
	ProjectSection(ProjectDependencies) = postProject
		{59666402-A775-49AC-A9BD-19FD528F5FD9} = {59666402-A775-49AC-A9BD-19FD528F5FD9}
		{B54C35CD-5FFE-4FEA-90BA-32894BCFC6BF} = {B54C35CD-5FFE-4FEA-90BA-32894BCFC6BF}
		{048A9BD1-EEF8-4119-9DEF-219D7E177AAC} = {048A9BD1-EEF8-4119-9DEF-219D7E177AAC}
		{349EE8FA-7D25-4909-AAF5-FF3FADE72187} = {349EE8FA-7D25-4909-AAF5-FF3FADE72187}
	EndProjectSection
EndProject
Project("{8BC9CEB8-8B4A-11D0-8D11-00A0C91BC942}") = "libuuu", "libuuu.vcxproj", "{048A9BD1-EEF8-4119-9DEF-219D7E177AAC}"
EndProject
Project("{8BC9CEB8-8B4A-11D0-8D11-00A0C91BC942}") = "zlib", "zlib.vcxproj", "{59666402-A775-49AC-A9BD-19FD528F5FD9}"
EndProject
Project("{8BC9CEB8-8B4A-11D0-8D11-00A0C91BC942}") = "libusb-1.0 (dll)", "..\libusb\msvc\libusb_dll_2017.vcxproj", "{349EE8FA-7D25-4909-AAF5-FF3FADE72187}"
EndProject
Project("{8BC9CEB8-8B4A-11D0-8D11-00A0C91BC942}") = "bzip2", "bzip2.vcxproj", "{B54C35CD-5FFE-4FEA-90BA-32894BCFC6BF}"
EndProject
Global
	GlobalSection(SolutionConfigurationPlatforms) = preSolution
		Debug|x64 = Debug|x64
		Debug|x86 = Debug|x86
		Release|x64 = Release|x64
		Release|x86 = Release|x86
	EndGlobalSection
	GlobalSection(ProjectConfigurationPlatforms) = postSolution
		{2950F8EE-7895-4431-858A-C21EE105C242}.Debug|x64.ActiveCfg = Debug|x64
		{2950F8EE-7895-4431-858A-C21EE105C242}.Debug|x64.Build.0 = Debug|x64
		{2950F8EE-7895-4431-858A-C21EE105C242}.Debug|x86.ActiveCfg = Debug|Win32
		{2950F8EE-7895-4431-858A-C21EE105C242}.Debug|x86.Build.0 = Debug|Win32
		{2950F8EE-7895-4431-858A-C21EE105C242}.Release|x64.ActiveCfg = Release|x64
		{2950F8EE-7895-4431-858A-C21EE105C242}.Release|x64.Build.0 = Release|x64
		{2950F8EE-7895-4431-858A-C21EE105C242}.Release|x86.ActiveCfg = Release|Win32
		{2950F8EE-7895-4431-858A-C21EE105C242}.Release|x86.Build.0 = Release|Win32
		{048A9BD1-EEF8-4119-9DEF-219D7E177AAC}.Debug|x64.ActiveCfg = Debug|x64
		{048A9BD1-EEF8-4119-9DEF-219D7E177AAC}.Debug|x64.Build.0 = Debug|x64
		{048A9BD1-EEF8-4119-9DEF-219D7E177AAC}.Debug|x86.ActiveCfg = Debug|Win32
		{048A9BD1-EEF8-4119-9DEF-219D7E177AAC}.Debug|x86.Build.0 = Debug|Win32
		{048A9BD1-EEF8-4119-9DEF-219D7E177AAC}.Release|x64.ActiveCfg = Release|x64
		{048A9BD1-EEF8-4119-9DEF-219D7E177AAC}.Release|x64.Build.0 = Release|x64
		{048A9BD1-EEF8-4119-9DEF-219D7E177AAC}.Release|x86.ActiveCfg = Release|Win32
		{048A9BD1-EEF8-4119-9DEF-219D7E177AAC}.Release|x86.Build.0 = Release|Win32
		{59666402-A775-49AC-A9BD-19FD528F5FD9}.Debug|x64.ActiveCfg = Debug|x64
		{59666402-A775-49AC-A9BD-19FD528F5FD9}.Debug|x64.Build.0 = Debug|x64
		{59666402-A775-49AC-A9BD-19FD528F5FD9}.Debug|x86.ActiveCfg = Debug|Win32
		{59666402-A775-49AC-A9BD-19FD528F5FD9}.Debug|x86.Build.0 = Debug|Win32
		{59666402-A775-49AC-A9BD-19FD528F5FD9}.Release|x64.ActiveCfg = Release|x64
		{59666402-A775-49AC-A9BD-19FD528F5FD9}.Release|x64.Build.0 = Release|x64
		{59666402-A775-49AC-A9BD-19FD528F5FD9}.Release|x86.ActiveCfg = Release|Win32
		{59666402-A775-49AC-A9BD-19FD528F5FD9}.Release|x86.Build.0 = Release|Win32
		{349EE8FA-7D25-4909-AAF5-FF3FADE72187}.Debug|x64.ActiveCfg = Debug|x64
		{349EE8FA-7D25-4909-AAF5-FF3FADE72187}.Debug|x64.Build.0 = Debug|x64
		{349EE8FA-7D25-4909-AAF5-FF3FADE72187}.Debug|x86.ActiveCfg = Debug|Win32
		{349EE8FA-7D25-4909-AAF5-FF3FADE72187}.Debug|x86.Build.0 = Debug|Win32
		{349EE8FA-7D25-4909-AAF5-FF3FADE72187}.Release|x64.ActiveCfg = Release|x64
		{349EE8FA-7D25-4909-AAF5-FF3FADE72187}.Release|x64.Build.0 = Release|x64
		{349EE8FA-7D25-4909-AAF5-FF3FADE72187}.Release|x86.ActiveCfg = Release|Win32
		{349EE8FA-7D25-4909-AAF5-FF3FADE72187}.Release|x86.Build.0 = Release|Win32
		{B54C35CD-5FFE-4FEA-90BA-32894BCFC6BF}.Debug|x64.ActiveCfg = Debug|x64
		{B54C35CD-5FFE-4FEA-90BA-32894BCFC6BF}.Debug|x64.Build.0 = Debug|x64
		{B54C35CD-5FFE-4FEA-90BA-32894BCFC6BF}.Debug|x86.ActiveCfg = Debug|Win32
		{B54C35CD-5FFE-4FEA-90BA-32894BCFC6BF}.Debug|x86.Build.0 = Debug|Win32
		{B54C35CD-5FFE-4FEA-90BA-32894BCFC6BF}.Release|x64.ActiveCfg = Release|x64
		{B54C35CD-5FFE-4FEA-90BA-32894BCFC6BF}.Release|x64.Build.0 = Release|x64
		{B54C35CD-5FFE-4FEA-90BA-32894BCFC6BF}.Release|x86.ActiveCfg = Release|Win32
		{B54C35CD-5FFE-4FEA-90BA-32894BCFC6BF}.Release|x86.Build.0 = Release|Win32
	EndGlobalSection
	GlobalSection(SolutionProperties) = preSolution
		HideSolutionNode = FALSE
	EndGlobalSection
	GlobalSection(ExtensibilityGlobals) = postSolution
		SolutionGuid = {93EA02D1-E396-4390-B160-58909BBB9556}
	EndGlobalSection
EndGlobal
