<?xml version="1.0" encoding="utf-8"?>
<Project ToolsVersion="4.0" xmlns="http://schemas.microsoft.com/developer/msbuild/2003">
  <ItemGroup>
    <Filter Include="Source Files">
      <UniqueIdentifier>{4FC737F1-C7A5-4376-A066-2A32D752A2FF}</UniqueIdentifier>
      <Extensions>cpp;c;cc;cxx;def;odl;idl;hpj;bat;asm;asmx</Extensions>
    </Filter>
    <Filter Include="Header Files">
      <UniqueIdentifier>{93995380-89BD-4b04-88EB-625FBE52EBFB}</UniqueIdentifier>
      <Extensions>h;hpp;hxx;hm;inl;inc;xsd</Extensions>
    </Filter>
    <Filter Include="Resource Files">
      <UniqueIdentifier>{67DA6AB6-F800-4c08-8B7A-83BB121AAD01}</UniqueIdentifier>
      <Extensions>rc;ico;cur;bmp;dlg;rc2;rct;bin;rgs;gif;jpg;jpeg;jpe;resx;tiff;tif;png;wav</Extensions>
    </Filter>
    <Filter Include="libfdt">
      <UniqueIdentifier>{2d76314b-fc05-480a-9bfe-96935c0c4384}</UniqueIdentifier>
    </Filter>
  </ItemGroup>
  <ItemGroup>
    <ClCompile Include="CdcDevice.cpp">
      <Filter>Source Files</Filter>
    </ClCompile>
    <ClCompile Include="CdcDeviceClass.cpp">
      <Filter>Source Files</Filter>
    </ClCompile>
    <ClCompile Include="CmdOperation.cpp">
      <Filter>Source Files</Filter>
    </ClCompile>
    <ClCompile Include="ControllerClass.cpp">
      <Filter>Source Files</Filter>
    </ClCompile>
    <ClCompile Include="Device.cpp">
      <Filter>Source Files</Filter>
    </ClCompile>
    <ClCompile Include="DeviceClass.cpp">
      <Filter>Source Files</Filter>
    </ClCompile>
    <ClCompile Include="DeviceManager.cpp">
      <Filter>Source Files</Filter>
    </ClCompile>
    <ClCompile Include="Disk.cpp">
      <Filter>Source Files</Filter>
    </ClCompile>
    <ClCompile Include="DiskDeviceClass.cpp">
      <Filter>Source Files</Filter>
    </ClCompile>
    <ClCompile Include="ExceptionHandle.cpp">
      <Filter>Source Files</Filter>
    </ClCompile>
    <ClCompile Include="HidDevice.cpp">
      <Filter>Source Files</Filter>
    </ClCompile>
    <ClCompile Include="HidDeviceClass.cpp">
      <Filter>Source Files</Filter>
    </ClCompile>
    <ClCompile Include="HubClass.cpp">
      <Filter>Source Files</Filter>
    </ClCompile>
    <ClCompile Include="KernelApi.cpp">
      <Filter>Source Files</Filter>
    </ClCompile>
    <ClCompile Include="LogMgr.cpp">
      <Filter>Source Files</Filter>
    </ClCompile>
    <ClCompile Include="MfgToolLib.cpp">
      <Filter>Source Files</Filter>
    </ClCompile>
    <ClCompile Include="MxHidDevice.cpp">
      <Filter>Source Files</Filter>
    </ClCompile>
    <ClCompile Include="MxHidDeviceClass.cpp">
      <Filter>Source Files</Filter>
    </ClCompile>
    <ClCompile Include="MxRomDevice.cpp">
      <Filter>Source Files</Filter>
    </ClCompile>
    <ClCompile Include="MxRomDeviceClass.cpp">
      <Filter>Source Files</Filter>
    </ClCompile>
    <ClCompile Include="ParameterT.cpp">
      <Filter>Source Files</Filter>
    </ClCompile>
    <ClCompile Include="SetupApi.cpp">
      <Filter>Source Files</Filter>
    </ClCompile>
    <ClCompile Include="StApi.cpp">
      <Filter>Source Files</Filter>
    </ClCompile>
    <ClCompile Include="stdafx.cpp">
      <Filter>Source Files</Filter>
    </ClCompile>
    <ClCompile Include="StFwComponent.cpp">
      <Filter>Source Files</Filter>
    </ClCompile>
    <ClCompile Include="StHidApi.cpp">
      <Filter>Source Files</Filter>
    </ClCompile>
    <ClCompile Include="StPitc.cpp">
      <Filter>Source Files</Filter>
    </ClCompile>
    <ClCompile Include="StVersionInfo.cpp">
      <Filter>Source Files</Filter>
    </ClCompile>
    <ClCompile Include="UpdateTransportProtocol.cpp">
      <Filter>Source Files</Filter>
    </ClCompile>
    <ClCompile Include="UsbController.cpp">
      <Filter>Source Files</Filter>
    </ClCompile>
    <ClCompile Include="UsbHub.cpp">
      <Filter>Source Files</Filter>
    </ClCompile>
    <ClCompile Include="UsbPort.cpp">
      <Filter>Source Files</Filter>
    </ClCompile>
    <ClCompile Include="Volume.cpp">
      <Filter>Source Files</Filter>
    </ClCompile>
    <ClCompile Include="VolumeDeviceClass.cpp">
      <Filter>Source Files</Filter>
    </ClCompile>
    <ClCompile Include="XMLite.cpp">
      <Filter>Source Files</Filter>
    </ClCompile>
    <ClCompile Include="KblHidDeviceClass.cpp">
      <Filter>Source Files</Filter>
    </ClCompile>
    <ClCompile Include="..\libfdt\fdt.c">
      <Filter>libfdt</Filter>
    </ClCompile>
    <ClCompile Include="..\libfdt\fdt_addresses.c">
      <Filter>libfdt</Filter>
    </ClCompile>
    <ClCompile Include="..\libfdt\fdt_empty_tree.c">
      <Filter>libfdt</Filter>
    </ClCompile>
    <ClCompile Include="..\libfdt\fdt_overlay.c">
      <Filter>libfdt</Filter>
    </ClCompile>
    <ClCompile Include="..\libfdt\fdt_region.c">
      <Filter>libfdt</Filter>
    </ClCompile>
    <ClCompile Include="..\libfdt\fdt_ro.c">
      <Filter>libfdt</Filter>
    </ClCompile>
    <ClCompile Include="..\libfdt\fdt_rw.c">
      <Filter>libfdt</Filter>
    </ClCompile>
    <ClCompile Include="..\libfdt\fdt_strerror.c">
      <Filter>libfdt</Filter>
    </ClCompile>
    <ClCompile Include="..\libfdt\fdt_sw.c">
      <Filter>libfdt</Filter>
    </ClCompile>
    <ClCompile Include="..\libfdt\fdt_wip.c">
      <Filter>libfdt</Filter>
    </ClCompile>
  </ItemGroup>
  <ItemGroup>
    <None Include="MfgToolLib.def">
      <Filter>Source Files</Filter>
    </None>
    <None Include="res\MfgToolLib.rc2">
      <Filter>Resource Files</Filter>
    </None>
  </ItemGroup>
  <ItemGroup>
    <ClInclude Include="CallbackDef.h">
      <Filter>Header Files</Filter>
    </ClInclude>
    <ClInclude Include="CmdOperation.h">
      <Filter>Header Files</Filter>
    </ClInclude>
    <ClInclude Include="ControllerClass.h">
      <Filter>Header Files</Filter>
    </ClInclude>
    <ClInclude Include="Device.h">
      <Filter>Header Files</Filter>
    </ClInclude>
    <ClInclude Include="DeviceClass.h">
      <Filter>Header Files</Filter>
    </ClInclude>
    <ClInclude Include="DeviceManager.h">
      <Filter>Header Files</Filter>
    </ClInclude>
    <ClInclude Include="Disk.h">
      <Filter>Header Files</Filter>
    </ClInclude>
    <ClInclude Include="DiskDeviceClass.h">
      <Filter>Header Files</Filter>
    </ClInclude>
    <ClInclude Include="ExceptionHandle.h">
      <Filter>Header Files</Filter>
    </ClInclude>
    <ClInclude Include="HidDevice.h">
      <Filter>Header Files</Filter>
    </ClInclude>
    <ClInclude Include="HidDeviceClass.h">
      <Filter>Header Files</Filter>
    </ClInclude>
    <ClInclude Include="HubClass.h">
      <Filter>Header Files</Filter>
    </ClInclude>
    <ClInclude Include="KernelApi.h">
      <Filter>Header Files</Filter>
    </ClInclude>
    <ClInclude Include="LogMgr.h">
      <Filter>Header Files</Filter>
    </ClInclude>
    <ClInclude Include="MfgToolLib.h">
      <Filter>Header Files</Filter>
    </ClInclude>
    <ClInclude Include="MfgToolLib_Export.h">
      <Filter>Header Files</Filter>
    </ClInclude>
    <ClInclude Include="MxHidDevice.h">
      <Filter>Header Files</Filter>
    </ClInclude>
    <ClInclude Include="MxHidDeviceClass.h">
      <Filter>Header Files</Filter>
    </ClInclude>
    <ClInclude Include="MxRomDevice.h">
      <Filter>Header Files</Filter>
    </ClInclude>
    <ClInclude Include="MxRomDeviceClass.h">
      <Filter>Header Files</Filter>
    </ClInclude>
    <ClInclude Include="ParameterT.h">
      <Filter>Header Files</Filter>
    </ClInclude>
    <ClInclude Include="Property.h">
      <Filter>Header Files</Filter>
    </ClInclude>
    <ClInclude Include="Resource.h">
      <Filter>Header Files</Filter>
    </ClInclude>
    <ClInclude Include="SetupApi.h">
      <Filter>Header Files</Filter>
    </ClInclude>
    <ClInclude Include="StApi.h">
      <Filter>Header Files</Filter>
    </ClInclude>
    <ClInclude Include="StApiFactory.h">
      <Filter>Header Files</Filter>
    </ClInclude>
    <ClInclude Include="stdafx.h">
      <Filter>Header Files</Filter>
    </ClInclude>
    <ClInclude Include="StFwComponent.h">
      <Filter>Header Files</Filter>
    </ClInclude>
    <ClInclude Include="StHidApi.h">
      <Filter>Header Files</Filter>
    </ClInclude>
    <ClInclude Include="StMedia.h">
      <Filter>Header Files</Filter>
    </ClInclude>
    <ClInclude Include="StPitc.h">
      <Filter>Header Files</Filter>
    </ClInclude>
    <ClInclude Include="StVersionInfo.h">
      <Filter>Header Files</Filter>
    </ClInclude>
    <ClInclude Include="targetver.h">
      <Filter>Header Files</Filter>
    </ClInclude>
    <ClInclude Include="UpdateTransportProtocol.Api.h">
      <Filter>Header Files</Filter>
    </ClInclude>
    <ClInclude Include="UpdateTransportProtocol.h">
      <Filter>Header Files</Filter>
    </ClInclude>
    <ClInclude Include="UpdateUIInfo.h">
      <Filter>Header Files</Filter>
    </ClInclude>
    <ClInclude Include="UsbController.h">
      <Filter>Header Files</Filter>
    </ClInclude>
    <ClInclude Include="UsbHub.h">
      <Filter>Header Files</Filter>
    </ClInclude>
    <ClInclude Include="UsbPort.h">
      <Filter>Header Files</Filter>
    </ClInclude>
    <ClInclude Include="version.h">
      <Filter>Header Files</Filter>
    </ClInclude>
    <ClInclude Include="Volume.h">
      <Filter>Header Files</Filter>
    </ClInclude>
    <ClInclude Include="VolumeDeviceClass.h">
      <Filter>Header Files</Filter>
    </ClInclude>
    <ClInclude Include="WindowsVersionInfo.h">
      <Filter>Header Files</Filter>
    </ClInclude>
    <ClInclude Include="XMLite.h">
      <Filter>Header Files</Filter>
    </ClInclude>
    <ClInclude Include="CdcDevice.h">
      <Filter>Header Files</Filter>
    </ClInclude>
    <ClInclude Include="CdcDeviceClass.h">
      <Filter>Header Files</Filter>
    </ClInclude>
    <ClInclude Include="KblHidDeviceClass.h">
      <Filter>Header Files</Filter>
    </ClInclude>
  </ItemGroup>
  <ItemGroup>
    <Image Include="res\checks.bmp">
      <Filter>Resource Files</Filter>
    </Image>
  </ItemGroup>
  <ItemGroup>
    <ResourceCompile Include="MfgToolLib.rc">
      <Filter>Resource Files</Filter>
    </ResourceCompile>
  </ItemGroup>
  <ItemGroup>
    <Text Include="ReadMe.txt" />
  </ItemGroup>
</Project>