
Microsoft Visual Studio Solution File, Format Version 10.00
# Visual Studio 2008
Project("{FAE04EC0-301F-11D3-BF4B-00C04F79EFBC}") = "Updater", "Updater.csproj", "{D174216D-FC01-4675-8343-C2EDB87A1806}"
	ProjectSection(ProjectDependencies) = postProject
		{02EBCAA5-8233-4B75-86E7-5B61787530FF} = {02EBCAA5-8233-4B75-86E7-5B61787530FF}
	EndProjectSection
EndProject
Project("{FAE04EC0-301F-11D3-BF4B-00C04F79EFBC}") = "DevSupport", "..\..\Libs.Net\DevSupport\DevSupport.csproj", "{02EBCAA5-8233-4B75-86E7-5B61787530FF}"
EndProject
Global
	GlobalSection(SolutionConfigurationPlatforms) = preSolution
		Debug|Any CPU = Debug|Any CPU
		Debug|Mixed Platforms = Debug|Mixed Platforms
		Debug|Win32 = Debug|Win32
		Debug|x86 = Debug|x86
		Release|Any CPU = Release|Any CPU
		Release|Mixed Platforms = Release|Mixed Platforms
		Release|Win32 = Release|Win32
		Release|x86 = Release|x86
	EndGlobalSection
	GlobalSection(ProjectConfigurationPlatforms) = postSolution
		{D174216D-FC01-4675-8343-C2EDB87A1806}.Debug|Any CPU.ActiveCfg = Debug|Any CPU
		{D174216D-FC01-4675-8343-C2EDB87A1806}.Debug|Any CPU.Build.0 = Debug|Any CPU
		{D174216D-FC01-4675-8343-C2EDB87A1806}.Debug|Mixed Platforms.ActiveCfg = Debug|Any CPU
		{D174216D-FC01-4675-8343-C2EDB87A1806}.Debug|Mixed Platforms.Build.0 = Debug|Any CPU
		{D174216D-FC01-4675-8343-C2EDB87A1806}.Debug|Win32.ActiveCfg = Debug|Any CPU
		{D174216D-FC01-4675-8343-C2EDB87A1806}.Debug|x86.ActiveCfg = Debug|Any CPU
		{D174216D-FC01-4675-8343-C2EDB87A1806}.Release|Any CPU.ActiveCfg = Release|Any CPU
		{D174216D-FC01-4675-8343-C2EDB87A1806}.Release|Any CPU.Build.0 = Release|Any CPU
		{D174216D-FC01-4675-8343-C2EDB87A1806}.Release|Mixed Platforms.ActiveCfg = Release|Any CPU
		{D174216D-FC01-4675-8343-C2EDB87A1806}.Release|Mixed Platforms.Build.0 = Release|Any CPU
		{D174216D-FC01-4675-8343-C2EDB87A1806}.Release|Win32.ActiveCfg = Release|Any CPU
		{D174216D-FC01-4675-8343-C2EDB87A1806}.Release|x86.ActiveCfg = Release|Any CPU
		{02EBCAA5-8233-4B75-86E7-5B61787530FF}.Debug|Any CPU.ActiveCfg = Debug|Any CPU
		{02EBCAA5-8233-4B75-86E7-5B61787530FF}.Debug|Any CPU.Build.0 = Debug|Any CPU
		{02EBCAA5-8233-4B75-86E7-5B61787530FF}.Debug|Mixed Platforms.ActiveCfg = Debug|Any CPU
		{02EBCAA5-8233-4B75-86E7-5B61787530FF}.Debug|Mixed Platforms.Build.0 = Debug|Any CPU
		{02EBCAA5-8233-4B75-86E7-5B61787530FF}.Debug|Win32.ActiveCfg = Debug|Any CPU
		{02EBCAA5-8233-4B75-86E7-5B61787530FF}.Debug|x86.ActiveCfg = Debug|Any CPU
		{02EBCAA5-8233-4B75-86E7-5B61787530FF}.Release|Any CPU.ActiveCfg = Release|Any CPU
		{02EBCAA5-8233-4B75-86E7-5B61787530FF}.Release|Any CPU.Build.0 = Release|Any CPU
		{02EBCAA5-8233-4B75-86E7-5B61787530FF}.Release|Mixed Platforms.ActiveCfg = Release|Any CPU
		{02EBCAA5-8233-4B75-86E7-5B61787530FF}.Release|Mixed Platforms.Build.0 = Release|Any CPU
		{02EBCAA5-8233-4B75-86E7-5B61787530FF}.Release|Win32.ActiveCfg = Release|Any CPU
		{02EBCAA5-8233-4B75-86E7-5B61787530FF}.Release|x86.ActiveCfg = Release|Any CPU
	EndGlobalSection
	GlobalSection(SolutionProperties) = preSolution
		HideSolutionNode = FALSE
	EndGlobalSection
EndGlobal
