Microsoft Visual Studio Solution File, Format Version 11.00
# Visual Studio 2010
Project("{8BC9CEB8-8B4A-11D0-8D11-00A0C91BC942}") = "MfgTool", "StMfgTool.vcxproj", "{6A0D966B-4479-402B-9C8B-CF403C22BF98}"
EndProject
Project("{8BC9CEB8-8B4A-11D0-8D11-00A0C91BC942}") = "DevSupport", "..\..\Libs\DevSupport\DevSupport.vcxproj", "{8B1FD486-E75E-48AD-9C43-374330BC6D8D}"
EndProject
Project("{8BC9CEB8-8B4A-11D0-8D11-00A0C91BC942}") = "WinSupport", "..\..\Libs\WinSupport\WinSupport.vcxproj", "{FB60A1A0-B4A1-4E91-927F-45C8428AF703}"
EndProject
Project("{8BC9CEB8-8B4A-11D0-8D11-00A0C91BC942}") = "MXLib", "..\..\Libs\MXLib\MXLib.vcxproj", "{7FB73DF9-70D9-4A25-8950-8E4D560152C3}"
EndProject
Project("{8BC9CEB8-8B4A-11D0-8D11-00A0C91BC942}") = "OtpAccessPitc", "..\..\Libs\OtpAccessPitc\OtpAccessPitc.vcxproj", "{D81FA22E-0003-4E18-AD6E-6971258BE80B}"
EndProject
Global
	GlobalSection(SolutionConfigurationPlatforms) = preSolution
		Debug|Win32 = Debug|Win32
		Release|Win32 = Release|Win32
	EndGlobalSection
	GlobalSection(ProjectConfigurationPlatforms) = postSolution
		{6A0D966B-4479-402B-9C8B-CF403C22BF98}.Debug|Win32.ActiveCfg = Debug|Win32
		{6A0D966B-4479-402B-9C8B-CF403C22BF98}.Debug|Win32.Build.0 = Debug|Win32
		{6A0D966B-4479-402B-9C8B-CF403C22BF98}.Release|Win32.ActiveCfg = Release|Win32
		{6A0D966B-4479-402B-9C8B-CF403C22BF98}.Release|Win32.Build.0 = Release|Win32
		{8B1FD486-E75E-48AD-9C43-374330BC6D8D}.Debug|Win32.ActiveCfg = Debug|Win32
		{8B1FD486-E75E-48AD-9C43-374330BC6D8D}.Debug|Win32.Build.0 = Debug|Win32
		{8B1FD486-E75E-48AD-9C43-374330BC6D8D}.Release|Win32.ActiveCfg = Release|Win32
		{8B1FD486-E75E-48AD-9C43-374330BC6D8D}.Release|Win32.Build.0 = Release|Win32
		{FB60A1A0-B4A1-4E91-927F-45C8428AF703}.Debug|Win32.ActiveCfg = Debug|Win32
		{FB60A1A0-B4A1-4E91-927F-45C8428AF703}.Debug|Win32.Build.0 = Debug|Win32
		{FB60A1A0-B4A1-4E91-927F-45C8428AF703}.Release|Win32.ActiveCfg = Release|Win32
		{FB60A1A0-B4A1-4E91-927F-45C8428AF703}.Release|Win32.Build.0 = Release|Win32
		{7FB73DF9-70D9-4A25-8950-8E4D560152C3}.Debug|Win32.ActiveCfg = Debug|Win32
		{7FB73DF9-70D9-4A25-8950-8E4D560152C3}.Debug|Win32.Build.0 = Debug|Win32
		{7FB73DF9-70D9-4A25-8950-8E4D560152C3}.Release|Win32.ActiveCfg = Release|Win32
		{7FB73DF9-70D9-4A25-8950-8E4D560152C3}.Release|Win32.Build.0 = Release|Win32
		{D81FA22E-0003-4E18-AD6E-6971258BE80B}.Debug|Win32.ActiveCfg = Debug|Win32
		{D81FA22E-0003-4E18-AD6E-6971258BE80B}.Debug|Win32.Build.0 = Debug|Win32
		{D81FA22E-0003-4E18-AD6E-6971258BE80B}.Release|Win32.ActiveCfg = Release|Win32
		{D81FA22E-0003-4E18-AD6E-6971258BE80B}.Release|Win32.Build.0 = Release|Win32
	EndGlobalSection
	GlobalSection(SolutionProperties) = preSolution
		HideSolutionNode = FALSE
	EndGlobalSection
EndGlobal
