<?xml version="1.0" encoding="utf-8"?>
<Project ToolsVersion="4.0" xmlns="http://schemas.microsoft.com/developer/msbuild/2003">
  <ItemGroup>
    <Filter Include="Header Files">
      <UniqueIdentifier>{93995380-89BD-4b04-88EB-625FBE52EBFB}</UniqueIdentifier>
      <Extensions>h;hpp;hxx;hm;inl;inc;xsd</Extensions>
    </Filter>
    <Filter Include="Resource Files">
      <UniqueIdentifier>{67DA6AB6-F800-4c08-8B7A-83BB121AAD01}</UniqueIdentifier>
      <Extensions>rc;ico;cur;bmp;dlg;rc2;rct;bin;rgs;gif;jpg;jpeg;jpe;resx</Extensions>
    </Filter>
    <Filter Include="Source Files">
      <UniqueIdentifier>{4FC737F1-C7A5-4376-A066-2A32D752A2FF}</UniqueIdentifier>
      <Extensions>cpp;c;cxx;def;odl;idl;hpj;bat;asm;asmx</Extensions>
    </Filter>
    <Filter Include="support">
      <UniqueIdentifier>{212a2da4-5b10-4272-809f-9403c92a8955}</UniqueIdentifier>
    </Filter>
  </ItemGroup>
  <ItemGroup>
    <ClCompile Include="ConfigGeneralPage.cpp">
      <Filter>Source Files</Filter>
    </ClCompile>
    <ClCompile Include="ConfigMgrSheet.cpp">
      <Filter>Source Files</Filter>
    </ClCompile>
    <ClCompile Include="ConfigPlayerListCtrl.cpp">
      <Filter>Source Files</Filter>
    </ClCompile>
    <ClCompile Include="ConfigPlayerProfilePage.cpp">
      <Filter>Source Files</Filter>
    </ClCompile>
    <ClCompile Include="ConfigUsbPortPage.cpp">
      <Filter>Source Files</Filter>
    </ClCompile>
    <ClCompile Include="CopyOpDlg.cpp">
      <Filter>Source Files</Filter>
    </ClCompile>
    <ClCompile Include="CProfileList.cpp">
      <Filter>Source Files</Filter>
    </ClCompile>
    <ClCompile Include="DriveEditDlg.cpp">
      <Filter>Source Files</Filter>
    </ClCompile>
    <ClCompile Include="EventLogger.cpp">
      <Filter>Source Files</Filter>
    </ClCompile>
    <ClCompile Include="FileDropListCtrl.cpp">
      <Filter>Source Files</Filter>
    </ClCompile>
    <ClCompile Include="FileList.cpp">
      <Filter>Source Files</Filter>
    </ClCompile>
    <ClCompile Include="LoadFileOpDlg.cpp">
      <Filter>Source Files</Filter>
    </ClCompile>
    <ClCompile Include="LogMgrDlg.cpp">
      <Filter>Source Files</Filter>
    </ClCompile>
    <ClCompile Include="MainFrm.cpp">
      <Filter>Source Files</Filter>
    </ClCompile>
    <ClCompile Include="OpCopy.cpp">
      <Filter>Source Files</Filter>
    </ClCompile>
    <ClCompile Include="OpErase.cpp">
      <Filter>Source Files</Filter>
    </ClCompile>
    <ClCompile Include="Operation.cpp">
      <Filter>Source Files</Filter>
    </ClCompile>
    <ClCompile Include="OpInfo.cpp">
      <Filter>Source Files</Filter>
    </ClCompile>
    <ClCompile Include="OpLoader.cpp">
      <Filter>Source Files</Filter>
    </ClCompile>
    <ClCompile Include="OpMonitor.cpp">
      <Filter>Source Files</Filter>
    </ClCompile>
    <ClCompile Include="OpOTP.cpp">
      <Filter>Source Files</Filter>
    </ClCompile>
    <ClCompile Include="OpOTPDlg.cpp">
      <Filter>Source Files</Filter>
    </ClCompile>
    <ClCompile Include="OpRegistry.cpp">
      <Filter>Source Files</Filter>
    </ClCompile>
    <ClCompile Include="OpUpdateDlg.cpp">
      <Filter>Source Files</Filter>
    </ClCompile>
    <ClCompile Include="OpUpdater.cpp">
      <Filter>Source Files</Filter>
    </ClCompile>
    <ClCompile Include="OpUtpUpdate.cpp">
      <Filter>Source Files</Filter>
    </ClCompile>
    <ClCompile Include="OpUtpUpdateDlg.cpp">
      <Filter>Source Files</Filter>
    </ClCompile>
    <ClCompile Include="PlayerProfile.cpp">
      <Filter>Source Files</Filter>
    </ClCompile>
    <ClCompile Include="PortMgrDlg.cpp">
      <Filter>Source Files</Filter>
    </ClCompile>
    <ClCompile Include="RegCheckDlg.cpp">
      <Filter>Source Files</Filter>
    </ClCompile>
    <ClCompile Include="RegScrubDlg.cpp">
      <Filter>Source Files</Filter>
    </ClCompile>
    <ClCompile Include="StColorBtn.cpp">
      <Filter>Source Files</Filter>
    </ClCompile>
    <ClCompile Include="stdafx.cpp">
      <Filter>Source Files</Filter>
    </ClCompile>
    <ClCompile Include="StDialogBar.cpp">
      <Filter>Source Files</Filter>
    </ClCompile>
    <ClCompile Include="StGrpTreeCtrl.cpp">
      <Filter>Source Files</Filter>
    </ClCompile>
    <ClCompile Include="StMfgTool.cpp">
      <Filter>Source Files</Filter>
    </ClCompile>
    <ClCompile Include="TreeDroptarget.cpp">
      <Filter>Source Files</Filter>
    </ClCompile>
  </ItemGroup>
  <ItemGroup>
    <ClInclude Include="..\..\Libs\WinSupport\ColorListbox.h">
      <Filter>support</Filter>
    </ClInclude>
    <ClInclude Include="..\..\Libs\WinSupport\VersionInfo.h">
      <Filter>support</Filter>
    </ClInclude>
    <ClInclude Include="..\..\Libs\WinSupport\VisValEdit.h">
      <Filter>support</Filter>
    </ClInclude>
    <ClInclude Include="ConfigGeneralPage.h">
      <Filter>Header Files</Filter>
    </ClInclude>
    <ClInclude Include="ConfigMgrSheet.h">
      <Filter>Header Files</Filter>
    </ClInclude>
    <ClInclude Include="ConfigPlayerListCtrl.h">
      <Filter>Header Files</Filter>
    </ClInclude>
    <ClInclude Include="ConfigPlayerProfilePage.h">
      <Filter>Header Files</Filter>
    </ClInclude>
    <ClInclude Include="ConfigUsbPortPage.h">
      <Filter>Header Files</Filter>
    </ClInclude>
    <ClInclude Include="CopyOpDlg.h">
      <Filter>Header Files</Filter>
    </ClInclude>
    <ClInclude Include="CProfileList.h">
      <Filter>Header Files</Filter>
    </ClInclude>
    <ClInclude Include="DefaultProfile.h">
      <Filter>Header Files</Filter>
    </ClInclude>
    <ClInclude Include="DriveEditDlg.h">
      <Filter>Header Files</Filter>
    </ClInclude>
    <ClInclude Include="EventLogger.h">
      <Filter>Header Files</Filter>
    </ClInclude>
    <ClInclude Include="FileDropListCtrl.h">
      <Filter>Header Files</Filter>
    </ClInclude>
    <ClInclude Include="FileList.h">
      <Filter>Header Files</Filter>
    </ClInclude>
    <ClInclude Include="LoadFileOpDlg.h">
      <Filter>Header Files</Filter>
    </ClInclude>
    <ClInclude Include="LogMgrDlg.h">
      <Filter>Header Files</Filter>
    </ClInclude>
    <ClInclude Include="MainFrm.h">
      <Filter>Header Files</Filter>
    </ClInclude>
    <ClInclude Include="mm_callback.h">
      <Filter>Header Files</Filter>
    </ClInclude>
    <ClInclude Include="OpCopy.h">
      <Filter>Header Files</Filter>
    </ClInclude>
    <ClInclude Include="OpErase.h">
      <Filter>Header Files</Filter>
    </ClInclude>
    <ClInclude Include="Operation.h">
      <Filter>Header Files</Filter>
    </ClInclude>
    <ClInclude Include="OpInfo.h">
      <Filter>Header Files</Filter>
    </ClInclude>
    <ClInclude Include="OpLoader.h">
      <Filter>Header Files</Filter>
    </ClInclude>
    <ClInclude Include="OpMonitor.h">
      <Filter>Header Files</Filter>
    </ClInclude>
    <ClInclude Include="OpOTP.h">
      <Filter>Header Files</Filter>
    </ClInclude>
    <ClInclude Include="OpOTPDlg.h">
      <Filter>Header Files</Filter>
    </ClInclude>
    <ClInclude Include="OpRegistry.h">
      <Filter>Header Files</Filter>
    </ClInclude>
    <ClInclude Include="OpUpdateDlg.h">
      <Filter>Header Files</Filter>
    </ClInclude>
    <ClInclude Include="OpUpdater.h">
      <Filter>Header Files</Filter>
    </ClInclude>
    <ClInclude Include="OpUtpUpdate.h">
      <Filter>Header Files</Filter>
    </ClInclude>
    <ClInclude Include="OpUtpUpdateDlg.h">
      <Filter>Header Files</Filter>
    </ClInclude>
    <ClInclude Include="PlayerProfile.h">
      <Filter>Header Files</Filter>
    </ClInclude>
    <ClInclude Include="PortMgrDlg.h">
      <Filter>Header Files</Filter>
    </ClInclude>
    <ClInclude Include="RegCheckDlg.h">
      <Filter>Header Files</Filter>
    </ClInclude>
    <ClInclude Include="RegScrubDlg.h">
      <Filter>Header Files</Filter>
    </ClInclude>
    <ClInclude Include="Resource.h">
      <Filter>Header Files</Filter>
    </ClInclude>
    <ClInclude Include="StColorBtn.h">
      <Filter>Header Files</Filter>
    </ClInclude>
    <ClInclude Include="stdafx.h">
      <Filter>Header Files</Filter>
    </ClInclude>
    <ClInclude Include="StDialogBar.h">
      <Filter>Header Files</Filter>
    </ClInclude>
    <ClInclude Include="StGrpTreeCtrl.h">
      <Filter>Header Files</Filter>
    </ClInclude>
    <ClInclude Include="StMfgTool.h">
      <Filter>Header Files</Filter>
    </ClInclude>
    <ClInclude Include="stmsg.h">
      <Filter>Header Files</Filter>
    </ClInclude>
    <ClInclude Include="TreeDroptarget.h">
      <Filter>Header Files</Filter>
    </ClInclude>
    <ClInclude Include="UpdateCommandList.h">
      <Filter>Header Files</Filter>
    </ClInclude>
    <ClInclude Include="version.h">
      <Filter>Header Files</Filter>
    </ClInclude>
  </ItemGroup>
  <ItemGroup>
    <None Include="..\..\Drivers\StRcvryDriver\bin\stmp3rec.cat">
      <Filter>Resource Files</Filter>
    </None>
    <None Include="..\..\Drivers\StRcvryDriver\bin\StMp3Rec.inf">
      <Filter>Resource Files</Filter>
    </None>
    <None Include="..\..\Drivers\StRcvryDriver\bin\StMp3Rec.sys">
      <Filter>Resource Files</Filter>
    </None>
    <None Include="..\..\Drivers\StRcvryDriver\bin\stmp3recx64.cat">
      <Filter>Resource Files</Filter>
    </None>
    <None Include="..\..\Drivers\StRcvryDriver\bin\StMp3Recx64.inf">
      <Filter>Resource Files</Filter>
    </None>
    <None Include="..\..\Drivers\StRcvryDriver\bin\StMp3Recx64.sys">
      <Filter>Resource Files</Filter>
    </None>
    <None Include="..\..\Resources\closedfolder.BMP">
      <Filter>Resource Files</Filter>
    </None>
    <None Include="..\..\Resources\freescale_logo.bmp">
      <Filter>Resource Files</Filter>
    </None>
    <None Include="..\..\Resources\openfolder.bmp">
      <Filter>Resource Files</Filter>
    </None>
    <None Include="..\..\Resources\resourcefile.bmp">
      <Filter>Resource Files</Filter>
    </None>
    <None Include="docs\changelog.txt" />
    <None Include="res\checks.bmp">
      <Filter>Resource Files</Filter>
    </None>
    <None Include="res\StMfgTool.ico">
      <Filter>Resource Files</Filter>
    </None>
    <None Include="res\StMfgTool.rc2">
      <Filter>Resource Files</Filter>
    </None>
    <None Include="res\StMfgToolx.ico">
      <Filter>Resource Files</Filter>
    </None>
    <None Include="res\tree_sta.bmp">
      <Filter>Resource Files</Filter>
    </None>
  </ItemGroup>
  <ItemGroup>
    <ResourceCompile Include="StMfgTool.rc">
      <Filter>Resource Files</Filter>
    </ResourceCompile>
  </ItemGroup>
</Project>